
Microsoft Visual Studio Solution File, Format Version 12.00
# Visual Studio Version 17
VisualStudioVersion = 17.9.34723.18
MinimumVisualStudioVersion = 10.0.40219.1
Project("{FAE04EC0-301F-11D3-BF4B-00C04F79EFBC}") = "server-client", "server-client.csproj", "{452DDC55-3BB4-4496-8D9A-8AEF4A5BFC5E}"
EndProject
Project("{FAE04EC0-301F-11D3-BF4B-00C04F79EFBC}") = "server", "server\server.csproj", "{C9C325E2-E638-4844-952C-44E1E9B07920}"
EndProject
Project("{FAE04EC0-301F-11D3-BF4B-00C04F79EFBC}") = "client", "client\client.csproj", "{B898AD62-45B1-47A9-86F0-241EAB157883}"
EndProject
Global
	GlobalSection(SolutionConfigurationPlatforms) = preSolution
		Debug|Any CPU = Debug|Any CPU
		Release|Any CPU = Release|Any CPU
	EndGlobalSection
	GlobalSection(ProjectConfigurationPlatforms) = postSolution
		{452DDC55-3BB4-4496-8D9A-8AEF4A5BFC5E}.Debug|Any CPU.ActiveCfg = Debug|Any CPU
		{452DDC55-3BB4-4496-8D9A-8AEF4A5BFC5E}.Debug|Any CPU.Build.0 = Debug|Any CPU
		{452DDC55-3BB4-4496-8D9A-8AEF4A5BFC5E}.Release|Any CPU.ActiveCfg = Release|Any CPU
		{452DDC55-3BB4-4496-8D9A-8AEF4A5BFC5E}.Release|Any CPU.Build.0 = Release|Any CPU
		{C9C325E2-E638-4844-952C-44E1E9B07920}.Debug|Any CPU.ActiveCfg = Debug|Any CPU
		{C9C325E2-E638-4844-952C-44E1E9B07920}.Debug|Any CPU.Build.0 = Debug|Any CPU
		{C9C325E2-E638-4844-952C-44E1E9B07920}.Release|Any CPU.ActiveCfg = Release|Any CPU
		{C9C325E2-E638-4844-952C-44E1E9B07920}.Release|Any CPU.Build.0 = Release|Any CPU
		{B898AD62-45B1-47A9-86F0-241EAB157883}.Debug|Any CPU.ActiveCfg = Debug|Any CPU
		{B898AD62-45B1-47A9-86F0-241EAB157883}.Debug|Any CPU.Build.0 = Debug|Any CPU
		{B898AD62-45B1-47A9-86F0-241EAB157883}.Release|Any CPU.ActiveCfg = Release|Any CPU
		{B898AD62-45B1-47A9-86F0-241EAB157883}.Release|Any CPU.Build.0 = Release|Any CPU
	EndGlobalSection
	GlobalSection(SolutionProperties) = preSolution
		HideSolutionNode = FALSE
	EndGlobalSection
	GlobalSection(ExtensibilityGlobals) = postSolution
		SolutionGuid = {74507213-FD76-4075-B3F7-41C968E6073E}
	EndGlobalSection
EndGlobal
